# THIS IS AN AUTOGENERATED FILE. DO NOT EDIT THIS FILE DIRECTLY.
# yarn lockfile v1


"@danmarshall/jscad-typings@^1.0.0":
  version "1.0.0"
  resolved "https://registry.yarnpkg.com/@danmarshall/jscad-typings/-/jscad-typings-1.0.0.tgz#87dfb9c49a21cbbdfd54feb20e57544374809102"
  integrity sha512-MGGIGDItK2UQSsz7yTrXErQXDAFXR3UPxyQ7WZ5RHOwnv60CBXjmkJlXYMYPkSvo+7fUuQL2/ODcvECtc/fi9g==

"@types/bezier-js@^0.0.6":
  version "0.0.6"
  resolved "https://registry.yarnpkg.com/@types/bezier-js/-/bezier-js-0.0.6.tgz#0d976d68163c4955332ef798a21a0b3d6381d12b"
  integrity sha512-kXsAlt8e8N6zt9R6LcMYWB1HkBw3q2g+M9BdI/UE+s4agIONuIscQaRCoInH22+Jas3rw8yLUehL2InaZjyNSA==

"@types/node@*":
  version "20.3.1"
  resolved "https://registry.yarnpkg.com/@types/node/-/node-20.3.1.tgz#e8a83f1aa8b649377bb1fb5d7bac5cb90e784dfe"
  integrity sha512-EhcH/wvidPy1WeML3TtYFGR83UzjxeWRen9V402T8aUGYsCHOmfoisV3ZSg03gAFIbLq8TnWOJ0f4cALtnSEUg==

"@types/node@^7.0.5":
  version "7.10.14"
  resolved "https://registry.yarnpkg.com/@types/node/-/node-7.10.14.tgz#06fa7319b8131b969a8da4a14c487e6f28abacf7"
  integrity sha512-29GS75BE8asnTno3yB6ubOJOO0FboExEqNJy4bpz0GSmW/8wPTNL4h9h63c6s1uTrOopCmJYe/4yJLh5r92ZUA==

"@types/opentype.js@^0.7.0":
  version "0.7.2"
  resolved "https://registry.yarnpkg.com/@types/opentype.js/-/opentype.js-0.7.2.tgz#ced5b117a5736578c6b9d835e35b0204c6ef2e8f"
  integrity sha512-Riz6WyBUBEFs7YqSsJya3SbDHJZ6BmMkY7bzNoue6rtwj+RNilLc+mgOX/eJ0Y0asq16FSU6DatBeOg8ZMy2UQ==

"@types/pdfkit@^0.7.34":
  version "0.7.36"
  resolved "https://registry.yarnpkg.com/@types/pdfkit/-/pdfkit-0.7.36.tgz#d7241454e2ae94ee0bed684e712fbfdc2b3e0e6f"
  integrity sha512-9eRA6MuW+n78yU3HhoIrDxjyAX2++B5MpLDYqHOnaRTquCw+5sYXT+QN8E1eSaxvNUwlRfU3tOm4UzTeGWmBqg==
  dependencies:
    "@types/node" "*"

bezier-js@^2.1.0:
  version "2.6.1"
  resolved "https://registry.yarnpkg.com/bezier-js/-/bezier-js-2.6.1.tgz#ed9c6ebfcb3214794ff213cf90ee8aac644ecf7f"
  integrity sha512-jelZM33eNzcZ9snJ/5HqJLw3IzXvA8RFcBjkdOB8SDYyOvW8Y2tTosojAiBTnD1MhbHoWUYNbxUXxBl61TxbRg==

clone@^1.0.2:
  version "1.0.4"
  resolved "https://registry.yarnpkg.com/clone/-/clone-1.0.4.tgz#da309cc263df15994c688ca902179ca3c7cd7c7e"
  integrity sha512-JQHZ2QMW6l3aH/j6xCqQThY/9OH4D/9ls34cgkUBiEeocRTU04tHfKPBsUK1PqZCUQM7GiA0IIXJSuXHI64Kbg==

graham_scan@^1.0.4:
  version "1.0.4"
  resolved "https://registry.yarnpkg.com/graham_scan/-/graham_scan-1.0.4.tgz#399651dd1f8353e1880f59ea8e5f94b9df4c928a"
  integrity sha512-jL+zq9xTYXxsDIf+qy9aaudRXx/X4sqrOlbFkg1ElqCznhYAQ/wXv8cifgzRvzFopStDeIvny5sIu6jgSjnRww==

kdbush@^2.0.1:
  version "2.0.1"
  resolved "https://registry.yarnpkg.com/kdbush/-/kdbush-2.0.1.tgz#90c6128e3001ac68c550d7c9e2f222c0269666f1"
  integrity sha512-9KqSdmWCkBIisFIGclT0FRagKhI7IVbMyUjsxCFG0Ly1Dg6whlxJ7b9lrq8ifk3X/fGeJzok1R75LQfZTfA5zQ==

makerjs@^0.18.0:
  version "0.18.0"
  resolved "https://registry.yarnpkg.com/makerjs/-/makerjs-0.18.0.tgz#aec569079d58a76bb53c4765a34f0528991e0e3b"
  integrity sha512-7BBb409YVHjjkUMtTWKu0iTNaC8NBntguaQo020wofDqQLW897PK0SX7FH3RsozY6z6YL7kt8q2EZeCizjzdjw==
  dependencies:
    "@danmarshall/jscad-typings" "^1.0.0"
    "@types/bezier-js" "^0.0.6"
    "@types/node" "^7.0.5"
    "@types/opentype.js" "^0.7.0"
    "@types/pdfkit" "^0.7.34"
    bezier-js "^2.1.0"
    clone "^1.0.2"
    graham_scan "^1.0.4"
    kdbush "^2.0.1"
